{
  "originHash" : "34d4bf45aa837024df79123ea409db209c48a49862177f190cd9d5d8f3c7c1c6",
  "pins" : [
    {
      "identity" : "asleep-sdk-ios",
      "kind" : "remoteSourceControl",
      "location" : "https://github.com/asleep-ai/asleep-sdk-ios",
      "state" : {
        "revision" : "09731a5a78f97ec9f44b7dd3eba4989c615289c6",
        "version" : "3.1.3"
      }
    }
  ],
  "version" : 3
}
